PODS:
  - Realm (10.17.0):
    - Realm/Headers (= 10.17.0)
  - Realm/Headers (10.17.0)
  - RealmSwift (10.17.0):
    - Realm (= 10.17.0)
  - Toast-Swift (5.0.1)

DEPENDENCIES:
  - RealmSwift
  - Toast-Swift (~> 5.0.1)

SPEC REPOS:
  trunk:
    - Realm
    - RealmSwift
    - Toast-Swift

SPEC CHECKSUMS:
  Realm: 9533276bd76f66aa2fd0d3ffe700c1f6023dcab6
  RealmSwift: 57f5d59aa29852587aad1e861989e7af139894b5
  Toast-Swift: 9b6a70f28b3bf0b96c40d46c0c4b9d6639846711

PODFILE CHECKSUM: 7a67d156fe9d1738d8ec0db28491fc996794e93e

COCOAPODS: 1.11.2
